// !$*UTF8*$!
{
	archiveVersion = 1;
	classes = {
	};
	objectVersion = 50;
	objects = {

/* Begin PBXBuildFile section */
		0DD8BA40CC40126505E820C4 /* Pods_TestDemoUITests.framework in Frameworks */ = {isa = PBXBuildFile; fileRef = 1467AFBDA1AB67A6F083457E /* Pods_TestDemoUITests.framework */; };
		1721D319246280E40031FEB6 /* AppDelegate.swift in Sources */ = {isa = PBXBuildFile; fileRef = 1721D318246280E40031FEB6 /* AppDelegate.swift */; };
		1721D31B246280E40031FEB6 /* SceneDelegate.swift in Sources */ = {isa = PBXBuildFile; fileRef = 1721D31A246280E40031FEB6 /* SceneDelegate.swift */; };
		1721D31D246280E40031FEB6 /* ViewController.swift in Sources */ = {isa = PBXBuildFile; fileRef = 1721D31C246280E40031FEB6 /* ViewController.swift */; };
		1721D320246280E40031FEB6 /* Main.storyboard in Resources */ = {isa = PBXBuildFile; fileRef = 1721D31E246280E40031FEB6 /* Main.storyboard */; };
		1721D322246280E60031FEB6 /* Assets.xcassets in Resources */ = {isa = PBXBuildFile; fileRef = 1721D321246280E60031FEB6 /* Assets.xcassets */; };
		1721D325246280E70031FEB6 /* LaunchScreen.storyboard in Resources */ = {isa = PBXBuildFile; fileRef = 1721D323246280E70031FEB6 /* LaunchScreen.storyboard */; };
		1721D330246280E70031FEB6 /* TestDemoTests.swift in Sources */ = {isa = PBXBuildFile; fileRef = 1721D32F246280E70031FEB6 /* TestDemoTests.swift */; };
		1721D33B246280E70031FEB6 /* TestDemoUITests.swift in Sources */ = {isa = PBXBuildFile; fileRef = 1721D33A246280E70031FEB6 /* TestDemoUITests.swift */; };
		1AAFFD590E57C5D5B2182E1F /* Pods_TestDemoTests.framework in Frameworks */ = {isa = PBXBuildFile; fileRef = A9199F4378E67863F97E67EA /* Pods_TestDemoTests.framework */; };
		C17DF19E2E24CC8A6FA3DAF1 /* Pods_TestDemo.framework in Frameworks */ = {isa = PBXBuildFile; fileRef = 4EF5B19F5BC185733ED30F74 /* Pods_TestDemo.framework */; };
/* End PBXBuildFile section */

/* Begin PBXContainerItemProxy section */
		1721D32C246280E70031FEB6 /* PBXContainerItemProxy */ = {
			isa = PBXContainerItemProxy;
			containerPortal = 1721D30D246280E40031FEB6 /* Project object */;
			proxyType = 1;
			remoteGlobalIDString = 1721D314246280E40031FEB6;
			remoteInfo = TestDemo;
		};
		1721D337246280E70031FEB6 /* PBXContainerItemProxy */ = {
			isa = PBXContainerItemProxy;
			containerPortal = 1721D30D246280E40031FEB6 /* Project object */;
			proxyType = 1;
			remoteGlobalIDString = 1721D314246280E40031FEB6;
			remoteInfo = TestDemo;
		};
/* End PBXContainerItemProxy section */

/* Begin PBXFileReference section */
		1467AFBDA1AB67A6F083457E /* Pods_TestDemoUITests.framework */ = {isa = PBXFileReference; explicitFileType = wrapper.framework; includeInIndex = 0; path = Pods_TestDemoUITests.framework; sourceTree = BUILT_PRODUCTS_DIR; };
		1721D315246280E40031FEB6 /* TestDemo.app */ = {isa = PBXFileReference; explicitFileType = wrapper.application; includeInIndex = 0; path = TestDemo.app; sourceTree = BUILT_PRODUCTS_DIR; };
		1721D318246280E40031FEB6 /* AppDelegate.swift */ = {isa = PBXFileReference; lastKnownFileType = sourcecode.swift; path = AppDelegate.swift; sourceTree = "<group>"; };
		1721D31A246280E40031FEB6 /* SceneDelegate.swift */ = {isa = PBXFileReference; lastKnownFileType = sourcecode.swift; path = SceneDelegate.swift; sourceTree = "<group>"; };
		1721D31C246280E40031FEB6 /* ViewController.swift */ = {isa = PBXFileReference; lastKnownFileType = sourcecode.swift; path = ViewController.swift; sourceTree = "<group>"; };
		1721D31F246280E40031FEB6 /* Base */ = {isa = PBXFileReference; lastKnownFileType = file.storyboard; name = Base; path = Base.lproj/Main.storyboard; sourceTree = "<group>"; };
		1721D321246280E60031FEB6 /* Assets.xcassets */ = {isa = PBXFileReference; lastKnownFileType = folder.assetcatalog; path = Assets.xcassets; sourceTree = "<group>"; };
		1721D324246280E70031FEB6 /* Base */ = {isa = PBXFileReference; lastKnownFileType = file.storyboard; name = Base; path = Base.lproj/LaunchScreen.storyboard; sourceTree = "<group>"; };
		1721D326246280E70031FEB6 /* Info.plist */ = {isa = PBXFileReference; lastKnownFileType = text.plist.xml; path = Info.plist; sourceTree = "<group>"; };
		1721D32B246280E70031FEB6 /* TestDemoTests.xctest */ = {isa = PBXFileReference; explicitFileType = wrapper.cfbundle; includeInIndex = 0; path = TestDemoTests.xctest; sourceTree = BUILT_PRODUCTS_DIR; };
		1721D32F246280E70031FEB6 /* TestDemoTests.swift */ = {isa = PBXFileReference; lastKnownFileType = sourcecode.swift; path = TestDemoTests.swift; sourceTree = "<group>"; };
		1721D331246280E70031FEB6 /* Info.plist */ = {isa = PBXFileReference; lastKnownFileType = text.plist.xml; path = Info.plist; sourceTree = "<group>"; };
		1721D336246280E70031FEB6 /* TestDemoUITests.xctest */ = {isa = PBXFileReference; explicitFileType = wrapper.cfbundle; includeInIndex = 0; path = TestDemoUITests.xctest; sourceTree = BUILT_PRODUCTS_DIR; };
		1721D33A246280E70031FEB6 /* TestDemoUITests.swift */ = {isa = PBXFileReference; lastKnownFileType = sourcecode.swift; path = TestDemoUITests.swift; sourceTree = "<group>"; };
		1721D33C246280E70031FEB6 /* Info.plist */ = {isa = PBXFileReference; lastKnownFileType = text.plist.xml; path = Info.plist; sourceTree = "<group>"; };
		32014090F421526A3458C991 /* Pods-TestDemoUITests.release.xcconfig */ = {isa = PBXFileReference; includeInIndex = 1; lastKnownFileType = text.xcconfig; name = "Pods-TestDemoUITests.release.xcconfig"; path = "Target Support Files/Pods-TestDemoUITests/Pods-TestDemoUITests.release.xcconfig"; sourceTree = "<group>"; };
		4EF5B19F5BC185733ED30F74 /* Pods_TestDemo.framework */ = {isa = PBXFileReference; explicitFileType = wrapper.framework; includeInIndex = 0; path = Pods_TestDemo.framework; sourceTree = BUILT_PRODUCTS_DIR; };
		511C4D417274CDE3A1887695 /* Pods-TestDemo.debug.xcconfig */ = {isa = PBXFileReference; includeInIndex = 1; lastKnownFileType = text.xcconfig; name = "Pods-TestDemo.debug.xcconfig"; path = "Target Support Files/Pods-TestDemo/Pods-TestDemo.debug.xcconfig"; sourceTree = "<group>"; };
		A9199F4378E67863F97E67EA /* Pods_TestDemoTests.framework */ = {isa = PBXFileReference; explicitFileType = wrapper.framework; includeInIndex = 0; path = Pods_TestDemoTests.framework; sourceTree = BUILT_PRODUCTS_DIR; };
		B051D11C3E838ABC60AB0198 /* Pods-TestDemoTests.debug.xcconfig */ = {isa = PBXFileReference; includeInIndex = 1; lastKnownFileType = text.xcconfig; name = "Pods-TestDemoTests.debug.xcconfig"; path = "Target Support Files/Pods-TestDemoTests/Pods-TestDemoTests.debug.xcconfig"; sourceTree = "<group>"; };
		DB742E0E922B8CA1D7F0A7EA /* Pods-TestDemoTests.release.xcconfig */ = {isa = PBXFileReference; includeInIndex = 1; lastKnownFileType = text.xcconfig; name = "Pods-TestDemoTests.release.xcconfig"; path = "Target Support Files/Pods-TestDemoTests/Pods-TestDemoTests.release.xcconfig"; sourceTree = "<group>"; };
		E9AEE2A086411087A3C07E79 /* Pods-TestDemo.release.xcconfig */ = {isa = PBXFileReference; includeInIndex = 1; lastKnownFileType = text.xcconfig; name = "Pods-TestDemo.release.xcconfig"; path = "Target Support Files/Pods-TestDemo/Pods-TestDemo.release.xcconfig"; sourceTree = "<group>"; };
		FD78D030A0595371C6D82E0E /* Pods-TestDemoUITests.debug.xcconfig */ = {isa = PBXFileReference; includeInIndex = 1; lastKnownFileType = text.xcconfig; name = "Pods-TestDemoUITests.debug.xcconfig"; path = "Target Support Files/Pods-TestDemoUITests/Pods-TestDemoUITests.debug.xcconfig"; sourceTree = "<group>"; };
/* End PBXFileReference section */

/* Begin PBXFrameworksBuildPhase section */
		1721D312246280E40031FEB6 /* Frameworks */ = {
			isa = PBXFrameworksBuildPhase;
			buildActionMask = 2147483647;
			files = (
				C17DF19E2E24CC8A6FA3DAF1 /* Pods_TestDemo.framework in Frameworks */,
			);
			runOnlyForDeploymentPostprocessing = 0;
		};
		1721D328246280E70031FEB6 /* Frameworks */ = {
			isa = PBXFrameworksBuildPhase;
			buildActionMask = 2147483647;
			files = (
				1AAFFD590E57C5D5B2182E1F /* Pods_TestDemoTests.framework in Frameworks */,
			);
			runOnlyForDeploymentPostprocessing = 0;
		};
		1721D333246280E70031FEB6 /* Frameworks */ = {
			isa = PBXFrameworksBuildPhase;
			buildActionMask = 2147483647;
			files = (
				0DD8BA40CC40126505E820C4 /* Pods_TestDemoUITests.framework in Frameworks */,
			);
			runOnlyForDeploymentPostprocessing = 0;
		};
/* End PBXFrameworksBuildPhase section */

/* Begin PBXGroup section */
		15B4DAB1E44D6B08812C3A12 /* Pods */ = {
			isa = PBXGroup;
			children = (
				511C4D417274CDE3A1887695 /* Pods-TestDemo.debug.xcconfig */,
				E9AEE2A086411087A3C07E79 /* Pods-TestDemo.release.xcconfig */,
				B051D11C3E838ABC60AB0198 /* Pods-TestDemoTests.debug.xcconfig */,
				DB742E0E922B8CA1D7F0A7EA /* Pods-TestDemoTests.release.xcconfig */,
				FD78D030A0595371C6D82E0E /* Pods-TestDemoUITests.debug.xcconfig */,
				32014090F421526A3458C991 /* Pods-TestDemoUITests.release.xcconfig */,
			);
			path = Pods;
			sourceTree = "<group>";
		};
		1721D30C246280E40031FEB6 = {
			isa = PBXGroup;
			children = (
				1721D317246280E40031FEB6 /* TestDemo */,
				1721D32E246280E70031FEB6 /* TestDemoTests */,
				1721D339246280E70031FEB6 /* TestDemoUITests */,
				1721D316246280E40031FEB6 /* Products */,
				15B4DAB1E44D6B08812C3A12 /* Pods */,
				783DF0FDA00A19A4B5FF498C /* Frameworks */,
			);
			sourceTree = "<group>";
		};
		1721D316246280E40031FEB6 /* Products */ = {
			isa = PBXGroup;
			children = (
				1721D315246280E40031FEB6 /* TestDemo.app */,
				1721D32B246280E70031FEB6 /* TestDemoTests.xctest */,
				1721D336246280E70031FEB6 /* TestDemoUITests.xctest */,
			);
			name = Products;
			sourceTree = "<group>";
		};
		1721D317246280E40031FEB6 /* TestDemo */ = {
			isa = PBXGroup;
			children = (
				1721D318246280E40031FEB6 /* AppDelegate.swift */,
				1721D31A246280E40031FEB6 /* SceneDelegate.swift */,
				1721D31C246280E40031FEB6 /* ViewController.swift */,
				1721D31E246280E40031FEB6 /* Main.storyboard */,
				1721D321246280E60031FEB6 /* Assets.xcassets */,
				1721D323246280E70031FEB6 /* LaunchScreen.storyboard */,
				1721D326246280E70031FEB6 /* Info.plist */,
			);
			path = TestDemo;
			sourceTree = "<group>";
		};
		1721D32E246280E70031FEB6 /* TestDemoTests */ = {
			isa = PBXGroup;
			children = (
				1721D32F246280E70031FEB6 /* TestDemoTests.swift */,
				1721D331246280E70031FEB6 /* Info.plist */,
			);
			path = TestDemoTests;
			sourceTree = "<group>";
		};
		1721D339246280E70031FEB6 /* TestDemoUITests */ = {
			isa = PBXGroup;
			children = (
				1721D33A246280E70031FEB6 /* TestDemoUITests.swift */,
				1721D33C246280E70031FEB6 /* Info.plist */,
			);
			path = TestDemoUITests;
			sourceTree = "<group>";
		};
		783DF0FDA00A19A4B5FF498C /* Frameworks */ = {
			isa = PBXGroup;
			children = (
				4EF5B19F5BC185733ED30F74 /* Pods_TestDemo.framework */,
				A9199F4378E67863F97E67EA /* Pods_TestDemoTests.framework */,
				1467AFBDA1AB67A6F083457E /* Pods_TestDemoUITests.framework */,
			);
			name = Frameworks;
			sourceTree = "<group>";
		};
/* End PBXGroup section */

/* Begin PBXNativeTarget section */
		1721D314246280E40031FEB6 /* TestDemo */ = {
			isa = PBXNativeTarget;
			buildConfigurationList = 1721D33F246280E70031FEB6 /* Build configuration list for PBXNativeTarget "TestDemo" */;
			buildPhases = (
				EC1907768DFCA7FF908BE371 /* [CP] Check Pods Manifest.lock */,
				1721D311246280E40031FEB6 /* Sources */,
				1721D312246280E40031FEB6 /* Frameworks */,
				1721D313246280E40031FEB6 /* Resources */,
			);
			buildRules = (
			);
			dependencies = (
			);
			name = TestDemo;
			productName = TestDemo;
			productReference = 1721D315246280E40031FEB6 /* TestDemo.app */;
			productType = "com.apple.product-type.application";
		};
		1721D32A246280E70031FEB6 /* TestDemoTests */ = {
			isa = PBXNativeTarget;
			buildConfigurationList = 1721D342246280E70031FEB6 /* Build configuration list for PBXNativeTarget "TestDemoTests" */;
			buildPhases = (
				95B19DF17914883FC30304F9 /* [CP] Check Pods Manifest.lock */,
				1721D327246280E70031FEB6 /* Sources */,
				1721D328246280E70031FEB6 /* Frameworks */,
				1721D329246280E70031FEB6 /* Resources */,
			);
			buildRules = (
			);
			dependencies = (
				1721D32D246280E70031FEB6 /* PBXTargetDependency */,
			);
			name = TestDemoTests;
			productName = TestDemoTests;
			productReference = 1721D32B246280E70031FEB6 /* TestDemoTests.xctest */;
			productType = "com.apple.product-type.bundle.unit-test";
		};
		1721D335246280E70031FEB6 /* TestDemoUITests */ = {
			isa = PBXNativeTarget;
			buildConfigurationList = 1721D345246280E70031FEB6 /* Build configuration list for PBXNativeTarget "TestDemoUITests" */;
			buildPhases = (
				4C8D7A6A7BB710B5DA8CF685 /* [CP] Check Pods Manifest.lock */,
				1721D332246280E70031FEB6 /* Sources */,
				1721D333246280E70031FEB6 /* Frameworks */,
				1721D334246280E70031FEB6 /* Resources */,
			);
			buildRules = (
			);
			dependencies = (
				1721D338246280E70031FEB6 /* PBXTargetDependency */,
			);
			name = TestDemoUITests;
			productName = TestDemoUITests;
			productReference = 1721D336246280E70031FEB6 /* TestDemoUITests.xctest */;
			productType = "com.apple.product-type.bundle.ui-testing";
		};
/* End PBXNativeTarget section */

/* Begin PBXProject section */
		1721D30D246280E40031FEB6 /* Project object */ = {
			isa = PBXProject;
			attributes = {
				LastSwiftUpdateCheck = 1140;
				LastUpgradeCheck = 1140;
				ORGANIZATIONNAME = gjm;
				TargetAttributes = {
					1721D314246280E40031FEB6 = {
						CreatedOnToolsVersion = 11.4.1;
					};
					1721D32A246280E70031FEB6 = {
						CreatedOnToolsVersion = 11.4.1;
						TestTargetID = 1721D314246280E40031FEB6;
					};
					1721D335246280E70031FEB6 = {
						CreatedOnToolsVersion = 11.4.1;
						TestTargetID = 1721D314246280E40031FEB6;
					};
				};
			};
			buildConfigurationList = 1721D310246280E40031FEB6 /* Build configuration list for PBXProject "TestDemo" */;
			compatibilityVersion = "Xcode 9.3";
			developmentRegion = en;
			hasScannedForEncodings = 0;
			knownRegions = (
				en,
				Base,
			);
			mainGroup = 1721D30C246280E40031FEB6;
			productRefGroup = 1721D316246280E40031FEB6 /* Products */;
			projectDirPath = "";
			projectRoot = "";
			targets = (
				1721D314246280E40031FEB6 /* TestDemo */,
				1721D32A246280E70031FEB6 /* TestDemoTests */,
				1721D335246280E70031FEB6 /* TestDemoUITests */,
			);
		};
/* End PBXProject section */

/* Begin PBXResourcesBuildPhase section */
		1721D313246280E40031FEB6 /* Resources */ = {
			isa = PBXResourcesBuildPhase;
			buildActionMask = 2147483647;
			files = (
				1721D325246280E70031FEB6 /* LaunchScreen.storyboard in Resources */,
				1721D322246280E60031FEB6 /* Assets.xcassets in Resources */,
				1721D320246280E40031FEB6 /* Main.storyboard in Resources */,
			);
			runOnlyForDeploymentPostprocessing = 0;
		};
		1721D329246280E70031FEB6 /* Resources */ = {
			isa = PBXResourcesBuildPhase;
			buildActionMask = 2147483647;
			files = (
			);
			runOnlyForDeploymentPostprocessing = 0;
		};
		1721D334246280E70031FEB6 /* Resources */ = {
			isa = PBXResourcesBuildPhase;
			buildActionMask = 2147483647;
			files = (
			);
			runOnlyForDeploymentPostprocessing = 0;
		};
/* End PBXResourcesBuildPhase section */

/* Begin PBXShellScriptBuildPhase section */
		4C8D7A6A7BB710B5DA8CF685 /* [CP] Check Pods Manifest.lock */ = {
			isa = PBXShellScriptBuildPhase;
			buildActionMask = 2147483647;
			files = (
			);
			inputFileListPaths = (
			);
			inputPaths = (
				"${PODS_PODFILE_DIR_PATH}/Podfile.lock",
				"${PODS_ROOT}/Manifest.lock",
			);
			name = "[CP] Check Pods Manifest.lock";
			outputFileListPaths = (
			);
			outputPaths = (
				"$(DERIVED_FILE_DIR)/Pods-TestDemoUITests-checkManifestLockResult.txt",
			);
			runOnlyForDeploymentPostprocessing = 0;
			shellPath = /bin/sh;
			shellScript = "diff \"${PODS_PODFILE_DIR_PATH}/Podfile.lock\" \"${PODS_ROOT}/Manifest.lock\" > /dev/null\nif [ $? != 0 ] ; then\n    # print error to STDERR\n    echo \"error: The sandbox is not in sync with the Podfile.lock. Run 'pod install' or update your CocoaPods installation.\" >&2\n    exit 1\nfi\n# This output is used by Xcode 'outputs' to avoid re-running this script phase.\necho \"SUCCESS\" > \"${SCRIPT_OUTPUT_FILE_0}\"\n";
			showEnvVarsInLog = 0;
		};
		95B19DF17914883FC30304F9 /* [CP] Check Pods Manifest.lock */ = {
			isa = PBXShellScriptBuildPhase;
			buildActionMask = 2147483647;
			files = (
			);
			inputFileListPaths = (
			);
			inputPaths = (
				"${PODS_PODFILE_DIR_PATH}/Podfile.lock",
				"${PODS_ROOT}/Manifest.lock",
			);
			name = "[CP] Check Pods Manifest.lock";
			outputFileListPaths = (
			);
			outputPaths = (
				"$(DERIVED_FILE_DIR)/Pods-TestDemoTests-checkManifestLockResult.txt",
			);
			runOnlyForDeploymentPostprocessing = 0;
			shellPath = /bin/sh;
			shellScript = "diff \"${PODS_PODFILE_DIR_PATH}/Podfile.lock\" \"${PODS_ROOT}/Manifest.lock\" > /dev/null\nif [ $? != 0 ] ; then\n    # print error to STDERR\n    echo \"error: The sandbox is not in sync with the Podfile.lock. Run 'pod install' or update your CocoaPods installation.\" >&2\n    exit 1\nfi\n# This output is used by Xcode 'outputs' to avoid re-running this script phase.\necho \"SUCCESS\" > \"${SCRIPT_OUTPUT_FILE_0}\"\n";
			showEnvVarsInLog = 0;
		};
		EC1907768DFCA7FF908BE371 /* [CP] Check Pods Manifest.lock */ = {
			isa = PBXShellScriptBuildPhase;
			buildActionMask = 2147483647;
			files = (
			);
			inputFileListPaths = (
			);
			inputPaths = (
				"${PODS_PODFILE_DIR_PATH}/Podfile.lock",
				"${PODS_ROOT}/Manifest.lock",
			);
			name = "[CP] Check Pods Manifest.lock";
			outputFileListPaths = (
			);
			outputPaths = (
				"$(DERIVED_FILE_DIR)/Pods-TestDemo-checkManifestLockResult.txt",
			);
			runOnlyForDeploymentPostprocessing = 0;
			shellPath = /bin/sh;
			shellScript = "diff \"${PODS_PODFILE_DIR_PATH}/Podfile.lock\" \"${PODS_ROOT}/Manifest.lock\" > /dev/null\nif [ $? != 0 ] ; then\n    # print error to STDERR\n    echo \"error: The sandbox is not in sync with the Podfile.lock. Run 'pod install' or update your CocoaPods installation.\" >&2\n    exit 1\nfi\n# This output is used by Xcode 'outputs' to avoid re-running this script phase.\necho \"SUCCESS\" > \"${SCRIPT_OUTPUT_FILE_0}\"\n";
			showEnvVarsInLog = 0;
		};
/* End PBXShellScriptBuildPhase section */

/* Begin PBXSourcesBuildPhase section */
		1721D311246280E40031FEB6 /* Sources */ = {
			isa = PBXSourcesBuildPhase;
			buildActionMask = 2147483647;
			files = (
				1721D31D246280E40031FEB6 /* ViewController.swift in Sources */,
				1721D319246280E40031FEB6 /* AppDelegate.swift in Sources */,
				1721D31B246280E40031FEB6 /* SceneDelegate.swift in Sources */,
			);
			runOnlyForDeploymentPostprocessing = 0;
		};
		1721D327246280E70031FEB6 /* Sources */ = {
			isa = PBXSourcesBuildPhase;
			buildActionMask = 2147483647;
			files = (
				1721D330246280E70031FEB6 /* TestDemoTests.swift in Sources */,
			);
			runOnlyForDeploymentPostprocessing = 0;
		};
		1721D332246280E70031FEB6 /* Sources */ = {
			isa = PBXSourcesBuildPhase;
			buildActionMask = 2147483647;
			files = (
				1721D33B246280E70031FEB6 /* TestDemoUITests.swift in Sources */,
			);
			runOnlyForDeploymentPostprocessing = 0;
		};
/* End PBXSourcesBuildPhase section */

/* Begin PBXTargetDependency section */
		1721D32D246280E70031FEB6 /* PBXTargetDependency */ = {
			isa = PBXTargetDependency;
			target = 1721D314246280E40031FEB6 /* TestDemo */;
			targetProxy = 1721D32C246280E70031FEB6 /* PBXContainerItemProxy */;
		};
		1721D338246280E70031FEB6 /* PBXTargetDependency */ = {
			isa = PBXTargetDependency;
			target = 1721D314246280E40031FEB6 /* TestDemo */;
			targetProxy = 1721D337246280E70031FEB6 /* PBXContainerItemProxy */;
		};
/* End PBXTargetDependency section */

/* Begin PBXVariantGroup section */
		1721D31E246280E40031FEB6 /* Main.storyboard */ = {
			isa = PBXVariantGroup;
			children = (
				1721D31F246280E40031FEB6 /* Base */,
			);
			name = Main.storyboard;
			sourceTree = "<group>";
		};
		1721D323246280E70031FEB6 /* LaunchScreen.storyboard */ = {
			isa = PBXVariantGroup;
			children = (
				1721D324246280E70031FEB6 /* Base */,
			);
			name = LaunchScreen.storyboard;
			sourceTree = "<group>";
		};
/* End PBXVariantGroup section */

/* Begin XCBuildConfiguration section */
		1721D33D246280E70031FEB6 /* Debug */ = {
			isa = XCBuildConfiguration;
			buildSettings = {
				ALWAYS_SEARCH_USER_PATHS = NO;
				CLANG_ANALYZER_NONNULL = YES;
				CLANG_ANALYZER_NUMBER_OBJECT_CONVERSION = YES_AGGRESSIVE;
				CLANG_CXX_LANGUAGE_STANDARD = "gnu++14";
				CLANG_CXX_LIBRARY = "libc++";
				CLANG_ENABLE_MODULES = YES;
				CLANG_ENABLE_OBJC_ARC = YES;
				CLANG_ENABLE_OBJC_WEAK = YES;
				CLANG_WARN_BLOCK_CAPTURE_AUTORELEASING = YES;
				CLANG_WARN_BOOL_CONVERSION = YES;
				CLANG_WARN_COMMA = YES;
				CLANG_WARN_CONSTANT_CONVERSION = YES;
				CLANG_WARN_DEPRECATED_OBJC_IMPLEMENTATIONS = YES;
				CLANG_WARN_DIRECT_OBJC_ISA_USAGE = YES_ERROR;
				CLANG_WARN_DOCUMENTATION_COMMENTS = YES;
				CLANG_WARN_EMPTY_BODY = YES;
				CLANG_WARN_ENUM_CONVERSION = YES;
				CLANG_WARN_INFINITE_RECURSION = YES;
				CLANG_WARN_INT_CONVERSION = YES;
				CLANG_WARN_NON_LITERAL_NULL_CONVERSION = YES;
				CLANG_WARN_OBJC_IMPLICIT_RETAIN_SELF = YES;
				CLANG_WARN_OBJC_LITERAL_CONVERSION = YES;
				CLANG_WARN_OBJC_ROOT_CLASS = YES_ERROR;
				CLANG_WARN_RANGE_LOOP_ANALYSIS = YES;
				CLANG_WARN_STRICT_PROTOTYPES = YES;
				CLANG_WARN_SUSPICIOUS_MOVE = YES;
				CLANG_WARN_UNGUARDED_AVAILABILITY = YES_AGGRESSIVE;
				CLANG_WARN_UNREACHABLE_CODE = YES;
				CLANG_WARN__DUPLICATE_METHOD_MATCH = YES;
				COPY_PHASE_STRIP = NO;
				DEBUG_INFORMATION_FORMAT = dwarf;
				ENABLE_STRICT_OBJC_MSGSEND = YES;
				ENABLE_TESTABILITY = YES;
				GCC_C_LANGUAGE_STANDARD = gnu11;
				GCC_DYNAMIC_NO_PIC = NO;
				GCC_NO_COMMON_BLOCKS = YES;
				GCC_OPTIMIZATION_LEVEL = 0;
				GCC_PREPROCESSOR_DEFINITIONS = (
					"DEBUG=1",
					"$(inherited)",
				);
				GCC_WARN_64_TO_32_BIT_CONVERSION = YES;
				GCC_WARN_ABOUT_RETURN_TYPE = YES_ERROR;
				GCC_WARN_UNDECLARED_SELECTOR = YES;
				GCC_WARN_UNINITIALIZED_AUTOS = YES_AGGRESSIVE;
				GCC_WARN_UNUSED_FUNCTION = YES;
				GCC_WARN_UNUSED_VARIABLE = YES;
				IPHONEOS_DEPLOYMENT_TARGET = 13.4;
				MTL_ENABLE_DEBUG_INFO = INCLUDE_SOURCE;
				MTL_FAST_MATH = YES;
				ONLY_ACTIVE_ARCH = YES;
				SDKROOT = iphoneos;
				SWIFT_ACTIVE_COMPILATION_CONDITIONS = DEBUG;
				SWIFT_OPTIMIZATION_LEVEL = "-Onone";
			};
			name = Debug;
		};
		1721D33E246280E70031FEB6 /* Release */ = {
			isa = XCBuildConfiguration;
			buildSettings = {
				ALWAYS_SEARCH_USER_PATHS = NO;
				CLANG_ANALYZER_NONNULL = YES;
				CLANG_ANALYZER_NUMBER_OBJECT_CONVERSION = YES_AGGRESSIVE;
				CLANG_CXX_LANGUAGE_STANDARD = "gnu++14";
				CLANG_CXX_LIBRARY = "libc++";
				CLANG_ENABLE_MODULES = YES;
				CLANG_ENABLE_OBJC_ARC = YES;
				CLANG_ENABLE_OBJC_WEAK = YES;
				CLANG_WARN_BLOCK_CAPTURE_AUTORELEASING = YES;
				CLANG_WARN_BOOL_CONVERSION = YES;
				CLANG_WARN_COMMA = YES;
				CLANG_WARN_CONSTANT_CONVERSION = YES;
				CLANG_WARN_DEPRECATED_OBJC_IMPLEMENTATIONS = YES;
				CLANG_WARN_DIRECT_OBJC_ISA_USAGE = YES_ERROR;
				CLANG_WARN_DOCUMENTATION_COMMENTS = YES;
				CLANG_WARN_EMPTY_BODY = YES;
				CLANG_WARN_ENUM_CONVERSION = YES;
				CLANG_WARN_INFINITE_RECURSION = YES;
				CLANG_WARN_INT_CONVERSION = YES;
				CLANG_WARN_NON_LITERAL_NULL_CONVERSION = YES;
				CLANG_WARN_OBJC_IMPLICIT_RETAIN_SELF = YES;
				CLANG_WARN_OBJC_LITERAL_CONVERSION = YES;
				CLANG_WARN_OBJC_ROOT_CLASS = YES_ERROR;
				CLANG_WARN_RANGE_LOOP_ANALYSIS = YES;
				CLANG_WARN_STRICT_PROTOTYPES = YES;
				CLANG_WARN_SUSPICIOUS_MOVE = YES;
				CLANG_WARN_UNGUARDED_AVAILABILITY = YES_AGGRESSIVE;
				CLANG_WARN_UNREACHABLE_CODE = YES;
				CLANG_WARN__DUPLICATE_METHOD_MATCH = YES;
				COPY_PHASE_STRIP = NO;
				DEBUG_INFORMATION_FORMAT = "dwarf-with-dsym";
				ENABLE_NS_ASSERTIONS = NO;
				ENABLE_STRICT_OBJC_MSGSEND = YES;
				GCC_C_LANGUAGE_STANDARD = gnu11;
				GCC_NO_COMMON_BLOCKS = YES;
				GCC_WARN_64_TO_32_BIT_CONVERSION = YES;
				GCC_WARN_ABOUT_RETURN_TYPE = YES_ERROR;
				GCC_WARN_UNDECLARED_SELECTOR = YES;
				GCC_WARN_UNINITIALIZED_AUTOS = YES_AGGRESSIVE;
				GCC_WARN_UNUSED_FUNCTION = YES;
				GCC_WARN_UNUSED_VARIABLE = YES;
				IPHONEOS_DEPLOYMENT_TARGET = 13.4;
				MTL_ENABLE_DEBUG_INFO = NO;
				MTL_FAST_MATH = YES;
				SDKROOT = iphoneos;
				SWIFT_COMPILATION_MODE = wholemodule;
				SWIFT_OPTIMIZATION_LEVEL = "-O";
				VALIDATE_PRODUCT = YES;
			};
			name = Release;
		};
		1721D340246280E70031FEB6 /* Debug */ = {
			isa = XCBuildConfiguration;
			baseConfigurationReference = 511C4D417274CDE3A1887695 /* Pods-TestDemo.debug.xcconfig */;
			buildSettings = {
				ASSETCATALOG_COMPILER_APPICON_NAME = "";
				CODE_SIGN_IDENTITY = "Apple Development";
				CODE_SIGN_STYLE = Automatic;
				DEVELOPMENT_TEAM = W84L9WZ75M;
				INFOPLIST_FILE = TestDemo/Info.plist;
				IPHONEOS_DEPLOYMENT_TARGET = 10.0;
				LD_RUNPATH_SEARCH_PATHS = (
					"$(inherited)",
					"@executable_path/Frameworks",
				);
				PRODUCT_BUNDLE_IDENTIFIER = com.bytetrade.TestDemo;
				PRODUCT_NAME = "$(TARGET_NAME)";
				PROVISIONING_PROFILE_SPECIFIER = "";
				SWIFT_VERSION = 5.0;
				TARGETED_DEVICE_FAMILY = "1,2";
			};
			name = Debug;
		};
		1721D341246280E70031FEB6 /* Release */ = {
			isa = XCBuildConfiguration;
			baseConfigurationReference = E9AEE2A086411087A3C07E79 /* Pods-TestDemo.release.xcconfig */;
			buildSettings = {
				ASSETCATALOG_COMPILER_APPICON_NAME = "";
				CODE_SIGN_IDENTITY = "Apple Development";
				CODE_SIGN_STYLE = Automatic;
				DEVELOPMENT_TEAM = W84L9WZ75M;
				INFOPLIST_FILE = TestDemo/Info.plist;
				IPHONEOS_DEPLOYMENT_TARGET = 10.0;
				LD_RUNPATH_SEARCH_PATHS = (
					"$(inherited)",
					"@executable_path/Frameworks",
				);
				PRODUCT_BUNDLE_IDENTIFIER = com.bytetrade.TestDemo;
				PRODUCT_NAME = "$(TARGET_NAME)";
				PROVISIONING_PROFILE_SPECIFIER = "";
				SWIFT_VERSION = 5.0;
				TARGETED_DEVICE_FAMILY = "1,2";
			};
			name = Release;
		};
		1721D343246280E70031FEB6 /* Debug */ = {
			isa = XCBuildConfiguration;
			baseConfigurationReference = B051D11C3E838ABC60AB0198 /* Pods-TestDemoTests.debug.xcconfig */;
			buildSettings = {
				ALWAYS_EMBED_SWIFT_STANDARD_LIBRARIES = YES;
				BUNDLE_LOADER = "$(TEST_HOST)";
				CODE_SIGN_STYLE = Automatic;
				DEVELOPMENT_TEAM = W84L9WZ75M;
				INFOPLIST_FILE = TestDemoTests/Info.plist;
				IPHONEOS_DEPLOYMENT_TARGET = 13.4;
				LD_RUNPATH_SEARCH_PATHS = (
					"$(inherited)",
					"@executable_path/Frameworks",
					"@loader_path/Frameworks",
				);
				PRODUCT_BUNDLE_IDENTIFIER = com.bytetrade.TestDemoTests;
				PRODUCT_NAME = "$(TARGET_NAME)";
				SWIFT_VERSION = 5.0;
				TARGETED_DEVICE_FAMILY = "1,2";
				TEST_HOST = "$(BUILT_PRODUCTS_DIR)/TestDemo.app/TestDemo";
			};
			name = Debug;
		};
		1721D344246280E70031FEB6 /* Release */ = {
			isa = XCBuildConfiguration;
			baseConfigurationReference = DB742E0E922B8CA1D7F0A7EA /* Pods-TestDemoTests.release.xcconfig */;
			buildSettings = {
				ALWAYS_EMBED_SWIFT_STANDARD_LIBRARIES = YES;
				BUNDLE_LOADER = "$(TEST_HOST)";
				CODE_SIGN_STYLE = Automatic;
				DEVELOPMENT_TEAM = W84L9WZ75M;
				INFOPLIST_FILE = TestDemoTests/Info.plist;
				IPHONEOS_DEPLOYMENT_TARGET = 13.4;
				LD_RUNPATH_SEARCH_PATHS = (
					"$(inherited)",
					"@executable_path/Frameworks",
					"@loader_path/Frameworks",
				);
				PRODUCT_BUNDLE_IDENTIFIER = com.bytetrade.TestDemoTests;
				PRODUCT_NAME = "$(TARGET_NAME)";
				SWIFT_VERSION = 5.0;
				TARGETED_DEVICE_FAMILY = "1,2";
				TEST_HOST = "$(BUILT_PRODUCTS_DIR)/TestDemo.app/TestDemo";
			};
			name = Release;
		};
		1721D346246280E70031FEB6 /* Debug */ = {
			isa = XCBuildConfiguration;
			baseConfigurationReference = FD78D030A0595371C6D82E0E /* Pods-TestDemoUITests.debug.xcconfig */;
			buildSettings = {
				ALWAYS_EMBED_SWIFT_STANDARD_LIBRARIES = YES;
				CODE_SIGN_STYLE = Automatic;
				DEVELOPMENT_TEAM = W84L9WZ75M;
				INFOPLIST_FILE = TestDemoUITests/Info.plist;
				LD_RUNPATH_SEARCH_PATHS = (
					"$(inherited)",
					"@executable_path/Frameworks",
					"@loader_path/Frameworks",
				);
				PRODUCT_BUNDLE_IDENTIFIER = com.bytetrade.TestDemoUITests;
				PRODUCT_NAME = "$(TARGET_NAME)";
				SWIFT_VERSION = 5.0;
				TARGETED_DEVICE_FAMILY = "1,2";
				TEST_TARGET_NAME = TestDemo;
			};
			name = Debug;
		};
		1721D347246280E70031FEB6 /* Release */ = {
			isa = XCBuildConfiguration;
			baseConfigurationReference = 32014090F421526A3458C991 /* Pods-TestDemoUITests.release.xcconfig */;
			buildSettings = {
				ALWAYS_EMBED_SWIFT_STANDARD_LIBRARIES = YES;
				CODE_SIGN_STYLE = Automatic;
				DEVELOPMENT_TEAM = W84L9WZ75M;
				INFOPLIST_FILE = TestDemoUITests/Info.plist;
				LD_RUNPATH_SEARCH_PATHS = (
					"$(inherited)",
					"@executable_path/Frameworks",
					"@loader_path/Frameworks",
				);
				PRODUCT_BUNDLE_IDENTIFIER = com.bytetrade.TestDemoUITests;
				PRODUCT_NAME = "$(TARGET_NAME)";
				SWIFT_VERSION = 5.0;
				TARGETED_DEVICE_FAMILY = "1,2";
				TEST_TARGET_NAME = TestDemo;
			};
			name = Release;
		};
/* End XCBuildConfiguration section */

/* Begin XCConfigurationList section */
		1721D310246280E40031FEB6 /* Build configuration list for PBXProject "TestDemo" */ = {
			isa = XCConfigurationList;
			buildConfigurations = (
				1721D33D246280E70031FEB6 /* Debug */,
				1721D33E246280E70031FEB6 /* Release */,
			);
			defaultConfigurationIsVisible = 0;
			defaultConfigurationName = Release;
		};
		1721D33F246280E70031FEB6 /* Build configuration list for PBXNativeTarget "TestDemo" */ = {
			isa = XCConfigurationList;
			buildConfigurations = (
				1721D340246280E70031FEB6 /* Debug */,
				1721D341246280E70031FEB6 /* Release */,
			);
			defaultConfigurationIsVisible = 0;
			defaultConfigurationName = Release;
		};
		1721D342246280E70031FEB6 /* Build configuration list for PBXNativeTarget "TestDemoTests" */ = {
			isa = XCConfigurationList;
			buildConfigurations = (
				1721D343246280E70031FEB6 /* Debug */,
				1721D344246280E70031FEB6 /* Release */,
			);
			defaultConfigurationIsVisible = 0;
			defaultConfigurationName = Release;
		};
		1721D345246280E70031FEB6 /* Build configuration list for PBXNativeTarget "TestDemoUITests" */ = {
			isa = XCConfigurationList;
			buildConfigurations = (
				1721D346246280E70031FEB6 /* Debug */,
				1721D347246280E70031FEB6 /* Release */,
			);
			defaultConfigurationIsVisible = 0;
			defaultConfigurationName = Release;
		};
/* End XCConfigurationList section */
	};
	rootObject = 1721D30D246280E40031FEB6 /* Project object */;
}
